{
	"name": "icns2ico",
	"version": "1.0.3",
	"lockfileVersion": 1,
	"requires": true,
	"dependencies": {
		"@types/node": {
			"version": "17.0.10",
			"resolved": "https://registry.npmjs.org/@types/node/-/node-17.0.10.tgz",
			"integrity": "sha512-S/3xB4KzyFxYGCppyDt68yzBU9ysL88lSdIah4D6cptdcltc4NCPCAMc0+PCpg/lLIyC7IPvj2Z52OJWeIUkog==",
			"dev": true
		},
		"png2icons": {
			"version": "2.0.1",
			"resolved": "https://registry.npmjs.org/png2icons/-/png2icons-2.0.1.tgz",
			"integrity": "sha512-GDEQJr8OG4e6JMp7mABtXFSEpgJa1CCpbQiAR+EjhkHJHnUL9zPPtbOrjsMD8gUbikgv3j7x404b0YJsV3aVFA=="
		}
	}
}
