{
  "name": "icns2ico",
  "version": "1.0.0",
  "lockfileVersion": 1,
  "requires": true,
  "dependencies": {
    "child_process": {
      "version": "1.0.2",
      "resolved": "https://registry.npmjs.org/child_process/-/child_process-1.0.2.tgz",
      "integrity": "sha1-sffn/HPSXn/R1FWtyU4UODAYK1o="
    },
    "iconutil": {
      "version": "1.0.2",
      "resolved": "https://registry.npmjs.org/iconutil/-/iconutil-1.0.2.tgz",
      "integrity": "sha1-sOeimk/aagnrZ04JhBgDGhScrvI=",
      "requires": {
        "uuid": "^2.0.1"
      },
      "dependencies": {
        "uuid": {
          "version": "2.0.3",
          "resolved": "https://registry.npmjs.org/uuid/-/uuid-2.0.3.tgz",
          "integrity": "sha1-Z+LoY3lyFVMN/zGOW/nc6/1Hsho="
        }
      }
    },
    "png2icons": {
      "version": "2.0.1",
      "resolved": "https://registry.npmjs.org/png2icons/-/png2icons-2.0.1.tgz",
      "integrity": "sha512-GDEQJr8OG4e6JMp7mABtXFSEpgJa1CCpbQiAR+EjhkHJHnUL9zPPtbOrjsMD8gUbikgv3j7x404b0YJsV3aVFA=="
    },
    "uuid": {
      "version": "8.3.2",
      "resolved": "https://registry.npmjs.org/uuid/-/uuid-8.3.2.tgz",
      "integrity": "sha512-+NYs2QeMWy+GWFOEm9xnn6HCDp0l7QBD7ml8zLUmJ+93Q5NF0NocErnwkTkXVFNiX3/fpC6afS8Dhb/gz7R7eg=="
    }
  }
}
